
Microsoft Visual Studio Solution File, Format Version 12.00
# Visual Studio Version 17
VisualStudioVersion = 17.11.35222.181
MinimumVisualStudioVersion = 10.0.40219.1
Project("{FAE04EC0-301F-11D3-BF4B-00C04F79EFBC}") = "AtxFontCreator", "AtxFontCreator\AtxFontCreator.csproj", "{F234B9B0-086F-459F-8503-D7C0684CB8B1}"
EndProject
Global
	GlobalSection(SolutionConfigurationPlatforms) = preSolution
		Debug|Any CPU = Debug|Any CPU
		Release|Any CPU = Release|Any CPU
	EndGlobalSection
	GlobalSection(ProjectConfigurationPlatforms) = postSolution
		{F234B9B0-086F-459F-8503-D7C0684CB8B1}.Debug|Any CPU.ActiveCfg = Debug|Any CPU
		{F234B9B0-086F-459F-8503-D7C0684CB8B1}.Debug|Any CPU.Build.0 = Debug|Any CPU
		{F234B9B0-086F-459F-8503-D7C0684CB8B1}.Release|Any CPU.ActiveCfg = Release|Any CPU
		{F234B9B0-086F-459F-8503-D7C0684CB8B1}.Release|Any CPU.Build.0 = Release|Any CPU
	EndGlobalSection
	GlobalSection(SolutionProperties) = preSolution
		HideSolutionNode = FALSE
	EndGlobalSection
	GlobalSection(ExtensibilityGlobals) = postSolution
		SolutionGuid = {BCA16813-D3E0-4FE9-A387-49A4BF7E5B44}
	EndGlobalSection
EndGlobal
